
Microsoft Visual Studio Solution File, Format Version 12.00
# Visual Studio Version 16
VisualStudioVersion = 16.0.28803.452
MinimumVisualStudioVersion = 10.0.40219.1
Project("{FAE04EC0-301F-11D3-BF4B-00C04F79EFBC}") = "EDI_850", "EDI_850\EDI_850.csproj", "{E458CB57-45E3-44E7-B90E-22695CEC5A5C}"
EndProject
Project("{FAE04EC0-301F-11D3-BF4B-00C04F79EFBC}") = "EDICommons", "EDICommons\EDICommons.csproj", "{891DCFB2-0D8C-4E2D-9F2F-24D15460EBEF}"
EndProject
Project("{FAE04EC0-301F-11D3-BF4B-00C04F79EFBC}") = "EDI_RSS", "EDI_RSS\EDI_RSS.csproj", "{68235704-7A84-4696-B3D7-068EAC2152BC}"
EndProject
Project("{FAE04EC0-301F-11D3-BF4B-00C04F79EFBC}") = "TEST", "TEST\TEST.csproj", "{44882871-A348-42BD-ACF6-E37840B5B91F}"
EndProject
Project("{FAE04EC0-301F-11D3-BF4B-00C04F79EFBC}") = "MySQL_Dll", "MySQL_Dll\MySQL_Dll\MySQL_Dll.csproj", "{389B7C74-3792-4AF6-B482-2C912F1C1B5A}"
EndProject
Project("{FAE04EC0-301F-11D3-BF4B-00C04F79EFBC}") = "vivael", "vivael\vivael.csproj", "{C2CC85B2-FDAE-4512-952B-245ADD93D6CB}"
EndProject
Global
	GlobalSection(SolutionConfigurationPlatforms) = preSolution
		Debug|Any CPU = Debug|Any CPU
		Release|Any CPU = Release|Any CPU
	EndGlobalSection
	GlobalSection(ProjectConfigurationPlatforms) = postSolution
		{E458CB57-45E3-44E7-B90E-22695CEC5A5C}.Debug|Any CPU.ActiveCfg = Debug|Any CPU
		{E458CB57-45E3-44E7-B90E-22695CEC5A5C}.Debug|Any CPU.Build.0 = Debug|Any CPU
		{E458CB57-45E3-44E7-B90E-22695CEC5A5C}.Release|Any CPU.ActiveCfg = Release|Any CPU
		{E458CB57-45E3-44E7-B90E-22695CEC5A5C}.Release|Any CPU.Build.0 = Release|Any CPU
		{891DCFB2-0D8C-4E2D-9F2F-24D15460EBEF}.Debug|Any CPU.ActiveCfg = Debug|Any CPU
		{891DCFB2-0D8C-4E2D-9F2F-24D15460EBEF}.Debug|Any CPU.Build.0 = Debug|Any CPU
		{891DCFB2-0D8C-4E2D-9F2F-24D15460EBEF}.Release|Any CPU.ActiveCfg = Release|Any CPU
		{891DCFB2-0D8C-4E2D-9F2F-24D15460EBEF}.Release|Any CPU.Build.0 = Release|Any CPU
		{68235704-7A84-4696-B3D7-068EAC2152BC}.Debug|Any CPU.ActiveCfg = Debug|Any CPU
		{68235704-7A84-4696-B3D7-068EAC2152BC}.Debug|Any CPU.Build.0 = Debug|Any CPU
		{68235704-7A84-4696-B3D7-068EAC2152BC}.Release|Any CPU.ActiveCfg = Release|Any CPU
		{68235704-7A84-4696-B3D7-068EAC2152BC}.Release|Any CPU.Build.0 = Release|Any CPU
		{44882871-A348-42BD-ACF6-E37840B5B91F}.Debug|Any CPU.ActiveCfg = Debug|Any CPU
		{44882871-A348-42BD-ACF6-E37840B5B91F}.Debug|Any CPU.Build.0 = Debug|Any CPU
		{44882871-A348-42BD-ACF6-E37840B5B91F}.Release|Any CPU.ActiveCfg = Release|Any CPU
		{44882871-A348-42BD-ACF6-E37840B5B91F}.Release|Any CPU.Build.0 = Release|Any CPU
		{389B7C74-3792-4AF6-B482-2C912F1C1B5A}.Debug|Any CPU.ActiveCfg = Debug|Any CPU
		{389B7C74-3792-4AF6-B482-2C912F1C1B5A}.Debug|Any CPU.Build.0 = Debug|Any CPU
		{389B7C74-3792-4AF6-B482-2C912F1C1B5A}.Release|Any CPU.ActiveCfg = Release|Any CPU
		{389B7C74-3792-4AF6-B482-2C912F1C1B5A}.Release|Any CPU.Build.0 = Release|Any CPU
		{C2CC85B2-FDAE-4512-952B-245ADD93D6CB}.Debug|Any CPU.ActiveCfg = Debug|Any CPU
		{C2CC85B2-FDAE-4512-952B-245ADD93D6CB}.Debug|Any CPU.Build.0 = Debug|Any CPU
		{C2CC85B2-FDAE-4512-952B-245ADD93D6CB}.Release|Any CPU.ActiveCfg = Release|Any CPU
		{C2CC85B2-FDAE-4512-952B-245ADD93D6CB}.Release|Any CPU.Build.0 = Release|Any CPU
	EndGlobalSection
	GlobalSection(SolutionProperties) = preSolution
		HideSolutionNode = FALSE
	EndGlobalSection
	GlobalSection(ExtensibilityGlobals) = postSolution
		SolutionGuid = {D7589203-A73B-4B1B-9D90-6C6B53A4C426}
	EndGlobalSection
EndGlobal
